
Microsoft Visual Studio Solution File, Format Version 12.00
# Visual Studio Version 17
VisualStudioVersion = 17.5.33414.496
MinimumVisualStudioVersion = 10.0.40219.1
Project("{FAE04EC0-301F-11D3-BF4B-00C04F79EFBC}") = "StudentsClubsWeb", "StudentsClubsWeb\StudentsClubsWeb.csproj", "{74D1926D-76F7-4FC7-88AE-7AB974FCE7EC}"
EndProject
Global
	GlobalSection(SolutionConfigurationPlatforms) = preSolution
		Debug|Any CPU = Debug|Any CPU
		Release|Any CPU = Release|Any CPU
	EndGlobalSection
	GlobalSection(ProjectConfigurationPlatforms) = postSolution
		{74D1926D-76F7-4FC7-88AE-7AB974FCE7EC}.Debug|Any CPU.ActiveCfg = Debug|Any CPU
		{74D1926D-76F7-4FC7-88AE-7AB974FCE7EC}.Debug|Any CPU.Build.0 = Debug|Any CPU
		{74D1926D-76F7-4FC7-88AE-7AB974FCE7EC}.Release|Any CPU.ActiveCfg = Release|Any CPU
		{74D1926D-76F7-4FC7-88AE-7AB974FCE7EC}.Release|Any CPU.Build.0 = Release|Any CPU
	EndGlobalSection
	GlobalSection(SolutionProperties) = preSolution
		HideSolutionNode = FALSE
	EndGlobalSection
	GlobalSection(ExtensibilityGlobals) = postSolution
		SolutionGuid = {776740E8-2DB5-463B-903B-9538C5E9D733}
	EndGlobalSection
EndGlobal
